
Microsoft Visual Studio Solution File, Format Version 12.00
# Visual Studio Version 16
VisualStudioVersion = 16.0.29102.190
MinimumVisualStudioVersion = 10.0.40219.1
Project("{FAE04EC0-301F-11D3-BF4B-00C04F79EFBC}") = "sistemaAlumnosITAM", "sistemaAlumnosITAM\sistemaAlumnosITAM.csproj", "{CE4BC8B8-30B0-4D38-A10A-FA866A02D705}"
EndProject
Global
	GlobalSection(SolutionConfigurationPlatforms) = preSolution
		Debug|Any CPU = Debug|Any CPU
		Release|Any CPU = Release|Any CPU
	EndGlobalSection
	GlobalSection(ProjectConfigurationPlatforms) = postSolution
		{CE4BC8B8-30B0-4D38-A10A-FA866A02D705}.Debug|Any CPU.ActiveCfg = Debug|Any CPU
		{CE4BC8B8-30B0-4D38-A10A-FA866A02D705}.Debug|Any CPU.Build.0 = Debug|Any CPU
		{CE4BC8B8-30B0-4D38-A10A-FA866A02D705}.Release|Any CPU.ActiveCfg = Release|Any CPU
		{CE4BC8B8-30B0-4D38-A10A-FA866A02D705}.Release|Any CPU.Build.0 = Release|Any CPU
	EndGlobalSection
	GlobalSection(SolutionProperties) = preSolution
		HideSolutionNode = FALSE
	EndGlobalSection
	GlobalSection(ExtensibilityGlobals) = postSolution
		SolutionGuid = {72D51B15-1260-4F7A-95C2-6EE796FCA85F}
	EndGlobalSection
EndGlobal
