
Microsoft Visual Studio Solution File, Format Version 12.00
# Visual Studio Version 16
VisualStudioVersion = 16.0.28922.388
MinimumVisualStudioVersion = 10.0.40219.1
Project("{FAE04EC0-301F-11D3-BF4B-00C04F79EFBC}") = "CalculadoraMaizoro", "CalculadoraMaizoro\CalculadoraMaizoro.csproj", "{EEAA856D-319B-49F8-9679-00CEA75C5454}"
EndProject
Global
	GlobalSection(SolutionConfigurationPlatforms) = preSolution
		Debug|Any CPU = Debug|Any CPU
		Release|Any CPU = Release|Any CPU
	EndGlobalSection
	GlobalSection(ProjectConfigurationPlatforms) = postSolution
		{EEAA856D-319B-49F8-9679-00CEA75C5454}.Debug|Any CPU.ActiveCfg = Debug|Any CPU
		{EEAA856D-319B-49F8-9679-00CEA75C5454}.Debug|Any CPU.Build.0 = Debug|Any CPU
		{EEAA856D-319B-49F8-9679-00CEA75C5454}.Release|Any CPU.ActiveCfg = Release|Any CPU
		{EEAA856D-319B-49F8-9679-00CEA75C5454}.Release|Any CPU.Build.0 = Release|Any CPU
	EndGlobalSection
	GlobalSection(SolutionProperties) = preSolution
		HideSolutionNode = FALSE
	EndGlobalSection
	GlobalSection(ExtensibilityGlobals) = postSolution
		SolutionGuid = {839515CD-0B96-4AB7-AF3D-67B19B11EFD2}
	EndGlobalSection
EndGlobal
